// !$*UTF8*$!
{
	archiveVersion = 1;
	classes = {
	};
	objectVersion = 47;
	objects = {

/* Begin PBXBuildFile section */
		0A08F1F11FB57EDF00FBBD75 /* UIView+Extension.m in Sources */ = {isa = PBXBuildFile; fileRef = 0A08F1F01FB57EDF00FBBD75 /* UIView+Extension.m */; };
		0A75CC861FA8583B0059F148 /* UCBatteryViewController.m in Sources */ = {isa = PBXBuildFile; fileRef = 0A75CC721FA8583A0059F148 /* UCBatteryViewController.m */; };
		0A75CC871FA8583B0059F148 /* UCMineViewController.m in Sources */ = {isa = PBXBuildFile; fileRef = 0A75CC781FA8583A0059F148 /* UCMineViewController.m */; };
		0A75CC891FA8583B0059F148 /* UCMapViewController.m in Sources */ = {isa = PBXBuildFile; fileRef = 0A75CC841FA8583B0059F148 /* UCMapViewController.m */; };
		0A75CC901FA858A20059F148 /* UCFirstPageViewController.m in Sources */ = {isa = PBXBuildFile; fileRef = 0A75CC8E1FA858A20059F148 /* UCFirstPageViewController.m */; };
		0A7AF0B61FA0641400E10D76 /* UCTabBarController.m in Sources */ = {isa = PBXBuildFile; fileRef = 0A7AF0B51FA0641400E10D76 /* UCTabBarController.m */; };
		0A7D6A621FB588FE00E5DB38 /* UIBarButtonItem+Extension.m in Sources */ = {isa = PBXBuildFile; fileRef = 0A7D6A611FB588FE00E5DB38 /* UIBarButtonItem+Extension.m */; };
		0A8EA8A21FA1AE9200B50347 /* UCNavigationController.m in Sources */ = {isa = PBXBuildFile; fileRef = 0A8EA8A11FA1AE9200B50347 /* UCNavigationController.m */; };
		0AB727511F9DE96D00CE709B /* AppDelegate.m in Sources */ = {isa = PBXBuildFile; fileRef = 0AB727501F9DE96D00CE709B /* AppDelegate.m */; };
		0AB727541F9DE96D00CE709B /* ViewController.m in Sources */ = {isa = PBXBuildFile; fileRef = 0AB727531F9DE96D00CE709B /* ViewController.m */; };
		0AB727591F9DE96D00CE709B /* Assets.xcassets in Resources */ = {isa = PBXBuildFile; fileRef = 0AB727581F9DE96D00CE709B /* Assets.xcassets */; };
		0AB7275F1F9DE96D00CE709B /* main.m in Sources */ = {isa = PBXBuildFile; fileRef = 0AB7275E1F9DE96D00CE709B /* main.m */; };
		0AB727691F9DE96D00CE709B /* UCarTests.m in Sources */ = {isa = PBXBuildFile; fileRef = 0AB727681F9DE96D00CE709B /* UCarTests.m */; };
		0AB727741F9DE96D00CE709B /* UCarUITests.m in Sources */ = {isa = PBXBuildFile; fileRef = 0AB727731F9DE96D00CE709B /* UCarUITests.m */; };
		0AD341081FB4504B00B1A0AA /* LaunchScreen.storyboard in Resources */ = {isa = PBXBuildFile; fileRef = 0AD341061FB4504B00B1A0AA /* LaunchScreen.storyboard */; };
		0AD341091FB4504B00B1A0AA /* Main.storyboard in Resources */ = {isa = PBXBuildFile; fileRef = 0AD341071FB4504B00B1A0AA /* Main.storyboard */; };
/* End PBXBuildFile section */

/* Begin PBXContainerItemProxy section */
		0AB727651F9DE96D00CE709B /* PBXContainerItemProxy */ = {
			isa = PBXContainerItemProxy;
			containerPortal = 0AB727441F9DE96D00CE709B /* Project object */;
			proxyType = 1;
			remoteGlobalIDString = 0AB7274B1F9DE96D00CE709B;
			remoteInfo = UCar;
		};
		0AB727701F9DE96D00CE709B /* PBXContainerItemProxy */ = {
			isa = PBXContainerItemProxy;
			containerPortal = 0AB727441F9DE96D00CE709B /* Project object */;
			proxyType = 1;
			remoteGlobalIDString = 0AB7274B1F9DE96D00CE709B;
			remoteInfo = UCar;
		};
/* End PBXContainerItemProxy section */

/* Begin PBXFileReference section */
		0A08F1EF1FB57EDF00FBBD75 /* UIView+Extension.h */ = {isa = PBXFileReference; fileEncoding = 4; lastKnownFileType = sourcecode.c.h; path = "UIView+Extension.h"; sourceTree = "<group>"; };
		0A08F1F01FB57EDF00FBBD75 /* UIView+Extension.m */ = {isa = PBXFileReference; fileEncoding = 4; lastKnownFileType = sourcecode.c.objc; path = "UIView+Extension.m"; sourceTree = "<group>"; };
		0A08F1F21FB5808500FBBD75 /* PrefixHeader.pch */ = {isa = PBXFileReference; lastKnownFileType = sourcecode.c.h; path = PrefixHeader.pch; sourceTree = "<group>"; };
		0A75CC711FA8583A0059F148 /* UCBatteryViewController.h */ = {isa = PBXFileReference; fileEncoding = 4; lastKnownFileType = sourcecode.c.h; path = UCBatteryViewController.h; sourceTree = "<group>"; };
		0A75CC721FA8583A0059F148 /* UCBatteryViewController.m */ = {isa = PBXFileReference; fileEncoding = 4; lastKnownFileType = sourcecode.c.objc; path = UCBatteryViewController.m; sourceTree = "<group>"; };
		0A75CC771FA8583A0059F148 /* UCMineViewController.h */ = {isa = PBXFileReference; fileEncoding = 4; lastKnownFileType = sourcecode.c.h; path = UCMineViewController.h; sourceTree = "<group>"; };
		0A75CC781FA8583A0059F148 /* UCMineViewController.m */ = {isa = PBXFileReference; fileEncoding = 4; lastKnownFileType = sourcecode.c.objc; path = UCMineViewController.m; sourceTree = "<group>"; };
		0A75CC831FA8583B0059F148 /* UCMapViewController.h */ = {isa = PBXFileReference; fileEncoding = 4; lastKnownFileType = sourcecode.c.h; path = UCMapViewController.h; sourceTree = "<group>"; };
		0A75CC841FA8583B0059F148 /* UCMapViewController.m */ = {isa = PBXFileReference; fileEncoding = 4; lastKnownFileType = sourcecode.c.objc; path = UCMapViewController.m; sourceTree = "<group>"; };
		0A75CC8D1FA858A20059F148 /* UCFirstPageViewController.h */ = {isa = PBXFileReference; fileEncoding = 4; lastKnownFileType = sourcecode.c.h; path = UCFirstPageViewController.h; sourceTree = "<group>"; };
		0A75CC8E1FA858A20059F148 /* UCFirstPageViewController.m */ = {isa = PBXFileReference; fileEncoding = 4; lastKnownFileType = sourcecode.c.objc; path = UCFirstPageViewController.m; sourceTree = "<group>"; };
		0A7AF0B41FA0641400E10D76 /* UCTabBarController.h */ = {isa = PBXFileReference; lastKnownFileType = sourcecode.c.h; path = UCTabBarController.h; sourceTree = "<group>"; };
		0A7AF0B51FA0641400E10D76 /* UCTabBarController.m */ = {isa = PBXFileReference; lastKnownFileType = sourcecode.c.objc; path = UCTabBarController.m; sourceTree = "<group>"; };
		0A7AF10B1FA0795100E10D76 /* AlipaySDK.bundle */ = {isa = PBXFileReference; lastKnownFileType = "wrapper.plug-in"; path = AlipaySDK.bundle; sourceTree = "<group>"; };
		0A7AF10C1FA0795100E10D76 /* AlipaySDK.framework */ = {isa = PBXFileReference; lastKnownFileType = wrapper.framework; path = AlipaySDK.framework; sourceTree = "<group>"; };
		0A7D6A601FB588FE00E5DB38 /* UIBarButtonItem+Extension.h */ = {isa = PBXFileReference; fileEncoding = 4; lastKnownFileType = sourcecode.c.h; path = "UIBarButtonItem+Extension.h"; sourceTree = "<group>"; };
		0A7D6A611FB588FE00E5DB38 /* UIBarButtonItem+Extension.m */ = {isa = PBXFileReference; fileEncoding = 4; lastKnownFileType = sourcecode.c.objc; path = "UIBarButtonItem+Extension.m"; sourceTree = "<group>"; };
		0A8EA8A01FA1AE9200B50347 /* UCNavigationController.h */ = {isa = PBXFileReference; lastKnownFileType = sourcecode.c.h; path = UCNavigationController.h; sourceTree = "<group>"; };
		0A8EA8A11FA1AE9200B50347 /* UCNavigationController.m */ = {isa = PBXFileReference; lastKnownFileType = sourcecode.c.objc; path = UCNavigationController.m; sourceTree = "<group>"; };
		0AB7274C1F9DE96D00CE709B /* UCar.app */ = {isa = PBXFileReference; explicitFileType = wrapper.application; includeInIndex = 0; path = UCar.app; sourceTree = BUILT_PRODUCTS_DIR; };
		0AB7274F1F9DE96D00CE709B /* AppDelegate.h */ = {isa = PBXFileReference; lastKnownFileType = sourcecode.c.h; path = AppDelegate.h; sourceTree = "<group>"; };
		0AB727501F9DE96D00CE709B /* AppDelegate.m */ = {isa = PBXFileReference; lastKnownFileType = sourcecode.c.objc; path = AppDelegate.m; sourceTree = "<group>"; };
		0AB727521F9DE96D00CE709B /* ViewController.h */ = {isa = PBXFileReference; lastKnownFileType = sourcecode.c.h; path = ViewController.h; sourceTree = "<group>"; };
		0AB727531F9DE96D00CE709B /* ViewController.m */ = {isa = PBXFileReference; lastKnownFileType = sourcecode.c.objc; path = ViewController.m; sourceTree = "<group>"; };
		0AB727581F9DE96D00CE709B /* Assets.xcassets */ = {isa = PBXFileReference; lastKnownFileType = folder.assetcatalog; path = Assets.xcassets; sourceTree = "<group>"; };
		0AB7275D1F9DE96D00CE709B /* Info.plist */ = {isa = PBXFileReference; lastKnownFileType = text.plist.xml; path = Info.plist; sourceTree = "<group>"; };
		0AB7275E1F9DE96D00CE709B /* main.m */ = {isa = PBXFileReference; lastKnownFileType = sourcecode.c.objc; path = main.m; sourceTree = "<group>"; };
		0AB727641F9DE96D00CE709B /* UCarTests.xctest */ = {isa = PBXFileReference; explicitFileType = wrapper.cfbundle; includeInIndex = 0; path = UCarTests.xctest; sourceTree = BUILT_PRODUCTS_DIR; };
		0AB727681F9DE96D00CE709B /* UCarTests.m */ = {isa = PBXFileReference; lastKnownFileType = sourcecode.c.objc; path = UCarTests.m; sourceTree = "<group>"; };
		0AB7276A1F9DE96D00CE709B /* Info.plist */ = {isa = PBXFileReference; lastKnownFileType = text.plist.xml; path = Info.plist; sourceTree = "<group>"; };
		0AB7276F1F9DE96D00CE709B /* UCarUITests.xctest */ = {isa = PBXFileReference; explicitFileType = wrapper.cfbundle; includeInIndex = 0; path = UCarUITests.xctest; sourceTree = BUILT_PRODUCTS_DIR; };
		0AB727731F9DE96D00CE709B /* UCarUITests.m */ = {isa = PBXFileReference; lastKnownFileType = sourcecode.c.objc; path = UCarUITests.m; sourceTree = "<group>"; };
		0AB727751F9DE96D00CE709B /* Info.plist */ = {isa = PBXFileReference; lastKnownFileType = text.plist.xml; path = Info.plist; sourceTree = "<group>"; };
		0AD341061FB4504B00B1A0AA /* LaunchScreen.storyboard */ = {isa = PBXFileReference; fileEncoding = 4; lastKnownFileType = file.storyboard; path = LaunchScreen.storyboard; sourceTree = "<group>"; };
		0AD341071FB4504B00B1A0AA /* Main.storyboard */ = {isa = PBXFileReference; fileEncoding = 4; lastKnownFileType = file.storyboard; path = Main.storyboard; sourceTree = "<group>"; };
/* End PBXFileReference section */

/* Begin PBXFrameworksBuildPhase section */
		0AB727491F9DE96D00CE709B /* Frameworks */ = {
			isa = PBXFrameworksBuildPhase;
			buildActionMask = 2147483647;
			files = (
			);
			runOnlyForDeploymentPostprocessing = 0;
		};
		0AB727611F9DE96D00CE709B /* Frameworks */ = {
			isa = PBXFrameworksBuildPhase;
			buildActionMask = 2147483647;
			files = (
			);
			runOnlyForDeploymentPostprocessing = 0;
		};
		0AB7276C1F9DE96D00CE709B /* Frameworks */ = {
			isa = PBXFrameworksBuildPhase;
			buildActionMask = 2147483647;
			files = (
			);
			runOnlyForDeploymentPostprocessing = 0;
		};
/* End PBXFrameworksBuildPhase section */

/* Begin PBXGroup section */
		0A75CC6E1FA8583A0059F148 /* UCBattery */ = {
			isa = PBXGroup;
			children = (
				0A75CC6F1FA8583A0059F148 /* Model */,
				0A75CC701FA8583A0059F148 /* ViewAndController */,
				0A75CC731FA8583A0059F148 /* ViewModel */,
			);
			path = UCBattery;
			sourceTree = "<group>";
		};
		0A75CC6F1FA8583A0059F148 /* Model */ = {
			isa = PBXGroup;
			children = (
			);
			path = Model;
			sourceTree = "<group>";
		};
		0A75CC701FA8583A0059F148 /* ViewAndController */ = {
			isa = PBXGroup;
			children = (
				0A75CC711FA8583A0059F148 /* UCBatteryViewController.h */,
				0A75CC721FA8583A0059F148 /* UCBatteryViewController.m */,
			);
			path = ViewAndController;
			sourceTree = "<group>";
		};
		0A75CC731FA8583A0059F148 /* ViewModel */ = {
			isa = PBXGroup;
			children = (
			);
			path = ViewModel;
			sourceTree = "<group>";
		};
		0A75CC741FA8583A0059F148 /* UCMine */ = {
			isa = PBXGroup;
			children = (
				0A75CC751FA8583A0059F148 /* Model */,
				0A75CC761FA8583A0059F148 /* ViewAndController */,
				0A75CC791FA8583A0059F148 /* ViewModel */,
			);
			path = UCMine;
			sourceTree = "<group>";
		};
		0A75CC751FA8583A0059F148 /* Model */ = {
			isa = PBXGroup;
			children = (
			);
			path = Model;
			sourceTree = "<group>";
		};
		0A75CC761FA8583A0059F148 /* ViewAndController */ = {
			isa = PBXGroup;
			children = (
				0A75CC771FA8583A0059F148 /* UCMineViewController.h */,
				0A75CC781FA8583A0059F148 /* UCMineViewController.m */,
			);
			path = ViewAndController;
			sourceTree = "<group>";
		};
		0A75CC791FA8583A0059F148 /* ViewModel */ = {
			isa = PBXGroup;
			children = (
			);
			path = ViewModel;
			sourceTree = "<group>";
		};
		0A75CC801FA8583B0059F148 /* UCMap */ = {
			isa = PBXGroup;
			children = (
				0A75CC811FA8583B0059F148 /* Model */,
				0A75CC821FA8583B0059F148 /* ViewAndController */,
				0A75CC851FA8583B0059F148 /* ViewModel */,
			);
			path = UCMap;
			sourceTree = "<group>";
		};
		0A75CC811FA8583B0059F148 /* Model */ = {
			isa = PBXGroup;
			children = (
			);
			path = Model;
			sourceTree = "<group>";
		};
		0A75CC821FA8583B0059F148 /* ViewAndController */ = {
			isa = PBXGroup;
			children = (
				0A75CC831FA8583B0059F148 /* UCMapViewController.h */,
				0A75CC841FA8583B0059F148 /* UCMapViewController.m */,
			);
			path = ViewAndController;
			sourceTree = "<group>";
		};
		0A75CC851FA8583B0059F148 /* ViewModel */ = {
			isa = PBXGroup;
			children = (
			);
			path = ViewModel;
			sourceTree = "<group>";
		};
		0A75CC8A1FA858A20059F148 /* UCFirstPage */ = {
			isa = PBXGroup;
			children = (
				0A75CC8B1FA858A20059F148 /* Model */,
				0A75CC8C1FA858A20059F148 /* ViewAndController */,
				0A75CC8F1FA858A20059F148 /* ViewModel */,
			);
			path = UCFirstPage;
			sourceTree = "<group>";
		};
		0A75CC8B1FA858A20059F148 /* Model */ = {
			isa = PBXGroup;
			children = (
			);
			path = Model;
			sourceTree = "<group>";
		};
		0A75CC8C1FA858A20059F148 /* ViewAndController */ = {
			isa = PBXGroup;
			children = (
				0A75CC8D1FA858A20059F148 /* UCFirstPageViewController.h */,
				0A75CC8E1FA858A20059F148 /* UCFirstPageViewController.m */,
			);
			path = ViewAndController;
			sourceTree = "<group>";
		};
		0A75CC8F1FA858A20059F148 /* ViewModel */ = {
			isa = PBXGroup;
			children = (
			);
			path = ViewModel;
			sourceTree = "<group>";
		};
		0A7AF10A1FA0795100E10D76 /* Alipay */ = {
			isa = PBXGroup;
			children = (
				0A7AF10B1FA0795100E10D76 /* AlipaySDK.bundle */,
				0A7AF10C1FA0795100E10D76 /* AlipaySDK.framework */,
			);
			path = Alipay;
			sourceTree = "<group>";
		};
		0A7ECC961FB5413300B9438D /* UCCommon */ = {
			isa = PBXGroup;
			children = (
				0A08F1EF1FB57EDF00FBBD75 /* UIView+Extension.h */,
				0A08F1F01FB57EDF00FBBD75 /* UIView+Extension.m */,
				0A08F1F21FB5808500FBBD75 /* PrefixHeader.pch */,
				0A7D6A601FB588FE00E5DB38 /* UIBarButtonItem+Extension.h */,
				0A7D6A611FB588FE00E5DB38 /* UIBarButtonItem+Extension.m */,
			);
			path = UCCommon;
			sourceTree = "<group>";
		};
		0AB727431F9DE96D00CE709B = {
			isa = PBXGroup;
			children = (
				0AB7274E1F9DE96D00CE709B /* UCar */,
				0AB727671F9DE96D00CE709B /* UCarTests */,
				0AB727721F9DE96D00CE709B /* UCarUITests */,
				0AB7274D1F9DE96D00CE709B /* Products */,
			);
			sourceTree = "<group>";
		};
		0AB7274D1F9DE96D00CE709B /* Products */ = {
			isa = PBXGroup;
			children = (
				0AB7274C1F9DE96D00CE709B /* UCar.app */,
				0AB727641F9DE96D00CE709B /* UCarTests.xctest */,
				0AB7276F1F9DE96D00CE709B /* UCarUITests.xctest */,
			);
			name = Products;
			sourceTree = "<group>";
		};
		0AB7274E1F9DE96D00CE709B /* UCar */ = {
			isa = PBXGroup;
			children = (
				0A7ECC961FB5413300B9438D /* UCCommon */,
				0A75CC8A1FA858A20059F148 /* UCFirstPage */,
				0A75CC801FA8583B0059F148 /* UCMap */,
				0A75CC6E1FA8583A0059F148 /* UCBattery */,
				0A75CC741FA8583A0059F148 /* UCMine */,
				0AB7274F1F9DE96D00CE709B /* AppDelegate.h */,
				0AB727501F9DE96D00CE709B /* AppDelegate.m */,
				0AB727521F9DE96D00CE709B /* ViewController.h */,
				0AB727531F9DE96D00CE709B /* ViewController.m */,
				0AB727581F9DE96D00CE709B /* Assets.xcassets */,
				0AD341061FB4504B00B1A0AA /* LaunchScreen.storyboard */,
				0AD341071FB4504B00B1A0AA /* Main.storyboard */,
				0AB7275D1F9DE96D00CE709B /* Info.plist */,
				0AB7275E1F9DE96D00CE709B /* main.m */,
				0A7AF0B41FA0641400E10D76 /* UCTabBarController.h */,
				0A7AF0B51FA0641400E10D76 /* UCTabBarController.m */,
				0A8EA8A01FA1AE9200B50347 /* UCNavigationController.h */,
				0A8EA8A11FA1AE9200B50347 /* UCNavigationController.m */,
				0A7AF10A1FA0795100E10D76 /* Alipay */,
			);
			path = UCar;
			sourceTree = "<group>";
		};
		0AB727671F9DE96D00CE709B /* UCarTests */ = {
			isa = PBXGroup;
			children = (
				0AB727681F9DE96D00CE709B /* UCarTests.m */,
				0AB7276A1F9DE96D00CE709B /* Info.plist */,
			);
			path = UCarTests;
			sourceTree = "<group>";
		};
		0AB727721F9DE96D00CE709B /* UCarUITests */ = {
			isa = PBXGroup;
			children = (
				0AB727731F9DE96D00CE709B /* UCarUITests.m */,
				0AB727751F9DE96D00CE709B /* Info.plist */,
			);
			path = UCarUITests;
			sourceTree = "<group>";
		};
/* End PBXGroup section */

/* Begin PBXNativeTarget section */
		0AB7274B1F9DE96D00CE709B /* UCar */ = {
			isa = PBXNativeTarget;
			buildConfigurationList = 0AB727781F9DE96D00CE709B /* Build configuration list for PBXNativeTarget "UCar" */;
			buildPhases = (
				0AB727481F9DE96D00CE709B /* Sources */,
				0AB727491F9DE96D00CE709B /* Frameworks */,
				0AB7274A1F9DE96D00CE709B /* Resources */,
			);
			buildRules = (
			);
			dependencies = (
			);
			name = UCar;
			productName = UCar;
			productReference = 0AB7274C1F9DE96D00CE709B /* UCar.app */;
			productType = "com.apple.product-type.application";
		};
		0AB727631F9DE96D00CE709B /* UCarTests */ = {
			isa = PBXNativeTarget;
			buildConfigurationList = 0AB7277B1F9DE96D00CE709B /* Build configuration list for PBXNativeTarget "UCarTests" */;
			buildPhases = (
				0AB727601F9DE96D00CE709B /* Sources */,
				0AB727611F9DE96D00CE709B /* Frameworks */,
				0AB727621F9DE96D00CE709B /* Resources */,
			);
			buildRules = (
			);
			dependencies = (
				0AB727661F9DE96D00CE709B /* PBXTargetDependency */,
			);
			name = UCarTests;
			productName = UCarTests;
			productReference = 0AB727641F9DE96D00CE709B /* UCarTests.xctest */;
			productType = "com.apple.product-type.bundle.unit-test";
		};
		0AB7276E1F9DE96D00CE709B /* UCarUITests */ = {
			isa = PBXNativeTarget;
			buildConfigurationList = 0AB7277E1F9DE96D00CE709B /* Build configuration list for PBXNativeTarget "UCarUITests" */;
			buildPhases = (
				0AB7276B1F9DE96D00CE709B /* Sources */,
				0AB7276C1F9DE96D00CE709B /* Frameworks */,
				0AB7276D1F9DE96D00CE709B /* Resources */,
			);
			buildRules = (
			);
			dependencies = (
				0AB727711F9DE96D00CE709B /* PBXTargetDependency */,
			);
			name = UCarUITests;
			productName = UCarUITests;
			productReference = 0AB7276F1F9DE96D00CE709B /* UCarUITests.xctest */;
			productType = "com.apple.product-type.bundle.ui-testing";
		};
/* End PBXNativeTarget section */

/* Begin PBXProject section */
		0AB727441F9DE96D00CE709B /* Project object */ = {
			isa = PBXProject;
			attributes = {
				LastUpgradeCheck = 0900;
				ORGANIZATIONNAME = kindvoon;
				TargetAttributes = {
					0AB7274B1F9DE96D00CE709B = {
						CreatedOnToolsVersion = 9.0;
						ProvisioningStyle = Automatic;
					};
					0AB727631F9DE96D00CE709B = {
						CreatedOnToolsVersion = 9.0;
						ProvisioningStyle = Automatic;
						TestTargetID = 0AB7274B1F9DE96D00CE709B;
					};
					0AB7276E1F9DE96D00CE709B = {
						CreatedOnToolsVersion = 9.0;
						ProvisioningStyle = Automatic;
						TestTargetID = 0AB7274B1F9DE96D00CE709B;
					};
				};
			};
			buildConfigurationList = 0AB727471F9DE96D00CE709B /* Build configuration list for PBXProject "UCar" */;
			compatibilityVersion = "Xcode 6.3";
			developmentRegion = en;
			hasScannedForEncodings = 0;
			knownRegions = (
				en,
				Base,
			);
			mainGroup = 0AB727431F9DE96D00CE709B;
			productRefGroup = 0AB7274D1F9DE96D00CE709B /* Products */;
			projectDirPath = "";
			projectRoot = "";
			targets = (
				0AB7274B1F9DE96D00CE709B /* UCar */,
				0AB727631F9DE96D00CE709B /* UCarTests */,
				0AB7276E1F9DE96D00CE709B /* UCarUITests */,
			);
		};
/* End PBXProject section */

/* Begin PBXResourcesBuildPhase section */
		0AB7274A1F9DE96D00CE709B /* Resources */ = {
			isa = PBXResourcesBuildPhase;
			buildActionMask = 2147483647;
			files = (
				0AD341091FB4504B00B1A0AA /* Main.storyboard in Resources */,
				0AB727591F9DE96D00CE709B /* Assets.xcassets in Resources */,
				0AD341081FB4504B00B1A0AA /* LaunchScreen.storyboard in Resources */,
			);
			runOnlyForDeploymentPostprocessing = 0;
		};
		0AB727621F9DE96D00CE709B /* Resources */ = {
			isa = PBXResourcesBuildPhase;
			buildActionMask = 2147483647;
			files = (
			);
			runOnlyForDeploymentPostprocessing = 0;
		};
		0AB7276D1F9DE96D00CE709B /* Resources */ = {
			isa = PBXResourcesBuildPhase;
			buildActionMask = 2147483647;
			files = (
			);
			runOnlyForDeploymentPostprocessing = 0;
		};
/* End PBXResourcesBuildPhase section */

/* Begin PBXSourcesBuildPhase section */
		0AB727481F9DE96D00CE709B /* Sources */ = {
			isa = PBXSourcesBuildPhase;
			buildActionMask = 2147483647;
			files = (
				0A08F1F11FB57EDF00FBBD75 /* UIView+Extension.m in Sources */,
				0A75CC861FA8583B0059F148 /* UCBatteryViewController.m in Sources */,
				0A75CC871FA8583B0059F148 /* UCMineViewController.m in Sources */,
				0A7D6A621FB588FE00E5DB38 /* UIBarButtonItem+Extension.m in Sources */,
				0A75CC891FA8583B0059F148 /* UCMapViewController.m in Sources */,
				0A75CC901FA858A20059F148 /* UCFirstPageViewController.m in Sources */,
				0AB727541F9DE96D00CE709B /* ViewController.m in Sources */,
				0A8EA8A21FA1AE9200B50347 /* UCNavigationController.m in Sources */,
				0AB7275F1F9DE96D00CE709B /* main.m in Sources */,
				0AB727511F9DE96D00CE709B /* AppDelegate.m in Sources */,
				0A7AF0B61FA0641400E10D76 /* UCTabBarController.m in Sources */,
			);
			runOnlyForDeploymentPostprocessing = 0;
		};
		0AB727601F9DE96D00CE709B /* Sources */ = {
			isa = PBXSourcesBuildPhase;
			buildActionMask = 2147483647;
			files = (
				0AB727691F9DE96D00CE709B /* UCarTests.m in Sources */,
			);
			runOnlyForDeploymentPostprocessing = 0;
		};
		0AB7276B1F9DE96D00CE709B /* Sources */ = {
			isa = PBXSourcesBuildPhase;
			buildActionMask = 2147483647;
			files = (
				0AB727741F9DE96D00CE709B /* UCarUITests.m in Sources */,
			);
			runOnlyForDeploymentPostprocessing = 0;
		};
/* End PBXSourcesBuildPhase section */

/* Begin PBXTargetDependency section */
		0AB727661F9DE96D00CE709B /* PBXTargetDependency */ = {
			isa = PBXTargetDependency;
			target = 0AB7274B1F9DE96D00CE709B /* UCar */;
			targetProxy = 0AB727651F9DE96D00CE709B /* PBXContainerItemProxy */;
		};
		0AB727711F9DE96D00CE709B /* PBXTargetDependency */ = {
			isa = PBXTargetDependency;
			target = 0AB7274B1F9DE96D00CE709B /* UCar */;
			targetProxy = 0AB727701F9DE96D00CE709B /* PBXContainerItemProxy */;
		};
/* End PBXTargetDependency section */

/* Begin XCBuildConfiguration section */
		0AB727761F9DE96D00CE709B /* Debug */ = {
			isa = XCBuildConfiguration;
			buildSettings = {
				ALWAYS_SEARCH_USER_PATHS = NO;
				CLANG_ANALYZER_NONNULL = YES;
				CLANG_ANALYZER_NUMBER_OBJECT_CONVERSION = YES_AGGRESSIVE;
				CLANG_CXX_LANGUAGE_STANDARD = "gnu++14";
				CLANG_CXX_LIBRARY = "libc++";
				CLANG_ENABLE_MODULES = YES;
				CLANG_ENABLE_OBJC_ARC = YES;
				CLANG_WARN_BLOCK_CAPTURE_AUTORELEASING = YES;
				CLANG_WARN_BOOL_CONVERSION = YES;
				CLANG_WARN_COMMA = YES;
				CLANG_WARN_CONSTANT_CONVERSION = YES;
				CLANG_WARN_DIRECT_OBJC_ISA_USAGE = YES_ERROR;
				CLANG_WARN_DOCUMENTATION_COMMENTS = YES;
				CLANG_WARN_EMPTY_BODY = YES;
				CLANG_WARN_ENUM_CONVERSION = YES;
				CLANG_WARN_INFINITE_RECURSION = YES;
				CLANG_WARN_INT_CONVERSION = YES;
				CLANG_WARN_NON_LITERAL_NULL_CONVERSION = YES;
				CLANG_WARN_OBJC_LITERAL_CONVERSION = YES;
				CLANG_WARN_OBJC_ROOT_CLASS = YES_ERROR;
				CLANG_WARN_RANGE_LOOP_ANALYSIS = YES;
				CLANG_WARN_STRICT_PROTOTYPES = YES;
				CLANG_WARN_SUSPICIOUS_MOVE = YES;
				CLANG_WARN_UNGUARDED_AVAILABILITY = YES_AGGRESSIVE;
				CLANG_WARN_UNREACHABLE_CODE = YES;
				CLANG_WARN__DUPLICATE_METHOD_MATCH = YES;
				CODE_SIGN_IDENTITY = "iPhone Developer";
				COPY_PHASE_STRIP = NO;
				DEBUG_INFORMATION_FORMAT = dwarf;
				ENABLE_STRICT_OBJC_MSGSEND = YES;
				ENABLE_TESTABILITY = YES;
				GCC_C_LANGUAGE_STANDARD = gnu11;
				GCC_DYNAMIC_NO_PIC = NO;
				GCC_NO_COMMON_BLOCKS = YES;
				GCC_OPTIMIZATION_LEVEL = 0;
				GCC_PREPROCESSOR_DEFINITIONS = (
					"DEBUG=1",
					"$(inherited)",
				);
				GCC_WARN_64_TO_32_BIT_CONVERSION = YES;
				GCC_WARN_ABOUT_RETURN_TYPE = YES_ERROR;
				GCC_WARN_UNDECLARED_SELECTOR = YES;
				GCC_WARN_UNINITIALIZED_AUTOS = YES_AGGRESSIVE;
				GCC_WARN_UNUSED_FUNCTION = YES;
				GCC_WARN_UNUSED_VARIABLE = YES;
				IPHONEOS_DEPLOYMENT_TARGET = 8.0;
				MTL_ENABLE_DEBUG_INFO = YES;
				ONLY_ACTIVE_ARCH = YES;
				SDKROOT = iphoneos;
			};
			name = Debug;
		};
		0AB727771F9DE96D00CE709B /* Release */ = {
			isa = XCBuildConfiguration;
			buildSettings = {
				ALWAYS_SEARCH_USER_PATHS = NO;
				CLANG_ANALYZER_NONNULL = YES;
				CLANG_ANALYZER_NUMBER_OBJECT_CONVERSION = YES_AGGRESSIVE;
				CLANG_CXX_LANGUAGE_STANDARD = "gnu++14";
				CLANG_CXX_LIBRARY = "libc++";
				CLANG_ENABLE_MODULES = YES;
				CLANG_ENABLE_OBJC_ARC = YES;
				CLANG_WARN_BLOCK_CAPTURE_AUTORELEASING = YES;
				CLANG_WARN_BOOL_CONVERSION = YES;
				CLANG_WARN_COMMA = YES;
				CLANG_WARN_CONSTANT_CONVERSION = YES;
				CLANG_WARN_DIRECT_OBJC_ISA_USAGE = YES_ERROR;
				CLANG_WARN_DOCUMENTATION_COMMENTS = YES;
				CLANG_WARN_EMPTY_BODY = YES;
				CLANG_WARN_ENUM_CONVERSION = YES;
				CLANG_WARN_INFINITE_RECURSION = YES;
				CLANG_WARN_INT_CONVERSION = YES;
				CLANG_WARN_NON_LITERAL_NULL_CONVERSION = YES;
				CLANG_WARN_OBJC_LITERAL_CONVERSION = YES;
				CLANG_WARN_OBJC_ROOT_CLASS = YES_ERROR;
				CLANG_WARN_RANGE_LOOP_ANALYSIS = YES;
				CLANG_WARN_STRICT_PROTOTYPES = YES;
				CLANG_WARN_SUSPICIOUS_MOVE = YES;
				CLANG_WARN_UNGUARDED_AVAILABILITY = YES_AGGRESSIVE;
				CLANG_WARN_UNREACHABLE_CODE = YES;
				CLANG_WARN__DUPLICATE_METHOD_MATCH = YES;
				CODE_SIGN_IDENTITY = "iPhone Developer";
				COPY_PHASE_STRIP = NO;
				DEBUG_INFORMATION_FORMAT = "dwarf-with-dsym";
				ENABLE_NS_ASSERTIONS = NO;
				ENABLE_STRICT_OBJC_MSGSEND = YES;
				GCC_C_LANGUAGE_STANDARD = gnu11;
				GCC_NO_COMMON_BLOCKS = YES;
				GCC_WARN_64_TO_32_BIT_CONVERSION = YES;
				GCC_WARN_ABOUT_RETURN_TYPE = YES_ERROR;
				GCC_WARN_UNDECLARED_SELECTOR = YES;
				GCC_WARN_UNINITIALIZED_AUTOS = YES_AGGRESSIVE;
				GCC_WARN_UNUSED_FUNCTION = YES;
				GCC_WARN_UNUSED_VARIABLE = YES;
				IPHONEOS_DEPLOYMENT_TARGET = 8.0;
				MTL_ENABLE_DEBUG_INFO = NO;
				SDKROOT = iphoneos;
				VALIDATE_PRODUCT = YES;
			};
			name = Release;
		};
		0AB727791F9DE96D00CE709B /* Debug */ = {
			isa = XCBuildConfiguration;
			buildSettings = {
				ASSETCATALOG_COMPILER_APPICON_NAME = AppIcon;
				CODE_SIGN_STYLE = Automatic;
				GCC_PRECOMPILE_PREFIX_HEADER = YES;
				GCC_PREFIX_HEADER = "/Users/Kevin/工作/iOSTest/UCar/UCar/UCCommon/PrefixHeader.pch";
				INFOPLIST_FILE = UCar/Info.plist;
				LD_RUNPATH_SEARCH_PATHS = "$(inherited) @executable_path/Frameworks";
				PRODUCT_BUNDLE_IDENTIFIER = kindvoon.UCar;
				PRODUCT_NAME = "$(TARGET_NAME)";
				TARGETED_DEVICE_FAMILY = "1,2";
			};
			name = Debug;
		};
		0AB7277A1F9DE96D00CE709B /* Release */ = {
			isa = XCBuildConfiguration;
			buildSettings = {
				ASSETCATALOG_COMPILER_APPICON_NAME = AppIcon;
				CODE_SIGN_STYLE = Automatic;
				GCC_PRECOMPILE_PREFIX_HEADER = YES;
				GCC_PREFIX_HEADER = "/Users/Kevin/工作/iOSTest/UCar/UCar/UCCommon/PrefixHeader.pch";
				INFOPLIST_FILE = UCar/Info.plist;
				LD_RUNPATH_SEARCH_PATHS = "$(inherited) @executable_path/Frameworks";
				PRODUCT_BUNDLE_IDENTIFIER = kindvoon.UCar;
				PRODUCT_NAME = "$(TARGET_NAME)";
				TARGETED_DEVICE_FAMILY = "1,2";
			};
			name = Release;
		};
		0AB7277C1F9DE96D00CE709B /* Debug */ = {
			isa = XCBuildConfiguration;
			buildSettings = {
				BUNDLE_LOADER = "$(TEST_HOST)";
				CODE_SIGN_STYLE = Automatic;
				INFOPLIST_FILE = UCarTests/Info.plist;
				LD_RUNPATH_SEARCH_PATHS = "$(inherited) @executable_path/Frameworks @loader_path/Frameworks";
				PRODUCT_BUNDLE_IDENTIFIER = kindvoon.UCarTests;
				PRODUCT_NAME = "$(TARGET_NAME)";
				TARGETED_DEVICE_FAMILY = "1,2";
				TEST_HOST = "$(BUILT_PRODUCTS_DIR)/UCar.app/UCar";
			};
			name = Debug;
		};
		0AB7277D1F9DE96D00CE709B /* Release */ = {
			isa = XCBuildConfiguration;
			buildSettings = {
				BUNDLE_LOADER = "$(TEST_HOST)";
				CODE_SIGN_STYLE = Automatic;
				INFOPLIST_FILE = UCarTests/Info.plist;
				LD_RUNPATH_SEARCH_PATHS = "$(inherited) @executable_path/Frameworks @loader_path/Frameworks";
				PRODUCT_BUNDLE_IDENTIFIER = kindvoon.UCarTests;
				PRODUCT_NAME = "$(TARGET_NAME)";
				TARGETED_DEVICE_FAMILY = "1,2";
				TEST_HOST = "$(BUILT_PRODUCTS_DIR)/UCar.app/UCar";
			};
			name = Release;
		};
		0AB7277F1F9DE96D00CE709B /* Debug */ = {
			isa = XCBuildConfiguration;
			buildSettings = {
				CODE_SIGN_STYLE = Automatic;
				INFOPLIST_FILE = UCarUITests/Info.plist;
				LD_RUNPATH_SEARCH_PATHS = "$(inherited) @executable_path/Frameworks @loader_path/Frameworks";
				PRODUCT_BUNDLE_IDENTIFIER = kindvoon.UCarUITests;
				PRODUCT_NAME = "$(TARGET_NAME)";
				TARGETED_DEVICE_FAMILY = "1,2";
				TEST_TARGET_NAME = UCar;
			};
			name = Debug;
		};
		0AB727801F9DE96D00CE709B /* Release */ = {
			isa = XCBuildConfiguration;
			buildSettings = {
				CODE_SIGN_STYLE = Automatic;
				INFOPLIST_FILE = UCarUITests/Info.plist;
				LD_RUNPATH_SEARCH_PATHS = "$(inherited) @executable_path/Frameworks @loader_path/Frameworks";
				PRODUCT_BUNDLE_IDENTIFIER = kindvoon.UCarUITests;
				PRODUCT_NAME = "$(TARGET_NAME)";
				TARGETED_DEVICE_FAMILY = "1,2";
				TEST_TARGET_NAME = UCar;
			};
			name = Release;
		};
/* End XCBuildConfiguration section */

/* Begin XCConfigurationList section */
		0AB727471F9DE96D00CE709B /* Build configuration list for PBXProject "UCar" */ = {
			isa = XCConfigurationList;
			buildConfigurations = (
				0AB727761F9DE96D00CE709B /* Debug */,
				0AB727771F9DE96D00CE709B /* Release */,
			);
			defaultConfigurationIsVisible = 0;
			defaultConfigurationName = Release;
		};
		0AB727781F9DE96D00CE709B /* Build configuration list for PBXNativeTarget "UCar" */ = {
			isa = XCConfigurationList;
			buildConfigurations = (
				0AB727791F9DE96D00CE709B /* Debug */,
				0AB7277A1F9DE96D00CE709B /* Release */,
			);
			defaultConfigurationIsVisible = 0;
			defaultConfigurationName = Release;
		};
		0AB7277B1F9DE96D00CE709B /* Build configuration list for PBXNativeTarget "UCarTests" */ = {
			isa = XCConfigurationList;
			buildConfigurations = (
				0AB7277C1F9DE96D00CE709B /* Debug */,
				0AB7277D1F9DE96D00CE709B /* Release */,
			);
			defaultConfigurationIsVisible = 0;
			defaultConfigurationName = Release;
		};
		0AB7277E1F9DE96D00CE709B /* Build configuration list for PBXNativeTarget "UCarUITests" */ = {
			isa = XCConfigurationList;
			buildConfigurations = (
				0AB7277F1F9DE96D00CE709B /* Debug */,
				0AB727801F9DE96D00CE709B /* Release */,
			);
			defaultConfigurationIsVisible = 0;
			defaultConfigurationName = Release;
		};
/* End XCConfigurationList section */
	};
	rootObject = 0AB727441F9DE96D00CE709B /* Project object */;
}
